<html>
<head>
<title>ConsoleApp1.sln</title>
<meta http-equiv="Content-Type" content="text/html; charset=utf-8">
<style type="text/css">
.s0 { color: #d0d0d0;}
.s1 { color: #ed94c0;}
.s2 { color: #6c95eb;}
.s3 { color: #e1bfff;}
.s4 { color: #c9a26d;}
</style>
</head>
<body bgcolor="#191a1c">
<table CELLSPACING=0 CELLPADDING=5 COLS=1 WIDTH="100%" BGCOLOR="#606060" >
<tr><td><center>
<font face="Arial, Helvetica" color="#000000">
ConsoleApp1.sln</font>
</center></td></tr></table>
<pre>
<span class="s0">Microsoft Visual Studio Solution File, Format Version </span><span class="s1">12.00</span>
<span class="s2">Project</span><span class="s0">(</span><span class="s1">&quot;{FAE04EC0-301F-11D3-BF4B-00C04F79EFBC}&quot;</span><span class="s0">) </span><span class="s3">= </span><span class="s4">&quot;ConsoleApp1&quot;</span><span class="s3">, </span><span class="s4">&quot;ConsoleApp1\ConsoleApp1.csproj&quot;</span><span class="s3">, </span><span class="s1">&quot;{1144053F-5991-4733-A59E-12D9C189786D}&quot;</span>
<span class="s2">EndProject</span>
<span class="s2">Global</span>
	<span class="s2">GlobalSection</span><span class="s0">(SolutionConfigurationPlatforms) </span><span class="s3">= </span><span class="s0">preSolution</span>
		<span class="s0">Debug</span><span class="s3">|</span><span class="s0">Any CPU </span><span class="s3">= </span><span class="s0">Debug</span><span class="s3">|</span><span class="s0">Any CPU</span>
		<span class="s0">Release</span><span class="s3">|</span><span class="s0">Any CPU </span><span class="s3">= </span><span class="s0">Release</span><span class="s3">|</span><span class="s0">Any CPU</span>
	<span class="s2">EndGlobalSection</span>
	<span class="s2">GlobalSection</span><span class="s0">(ProjectConfigurationPlatforms) </span><span class="s3">= </span><span class="s0">postSolution</span>
		<span class="s1">{1144053F-5991-4733-A59E-12D9C189786D}</span><span class="s3">.</span><span class="s0">Debug</span><span class="s3">|</span><span class="s0">Any CPU</span><span class="s3">.</span><span class="s0">ActiveCfg </span><span class="s3">= </span><span class="s0">Debug</span><span class="s3">|</span><span class="s0">Any CPU</span>
		<span class="s1">{1144053F-5991-4733-A59E-12D9C189786D}</span><span class="s3">.</span><span class="s0">Debug</span><span class="s3">|</span><span class="s0">Any CPU</span><span class="s3">.</span><span class="s0">Build</span><span class="s3">.</span><span class="s1">0 </span><span class="s3">= </span><span class="s0">Debug</span><span class="s3">|</span><span class="s0">Any CPU</span>
		<span class="s1">{1144053F-5991-4733-A59E-12D9C189786D}</span><span class="s3">.</span><span class="s0">Release</span><span class="s3">|</span><span class="s0">Any CPU</span><span class="s3">.</span><span class="s0">ActiveCfg </span><span class="s3">= </span><span class="s0">Release</span><span class="s3">|</span><span class="s0">Any CPU</span>
		<span class="s1">{1144053F-5991-4733-A59E-12D9C189786D}</span><span class="s3">.</span><span class="s0">Release</span><span class="s3">|</span><span class="s0">Any CPU</span><span class="s3">.</span><span class="s0">Build</span><span class="s3">.</span><span class="s1">0 </span><span class="s3">= </span><span class="s0">Release</span><span class="s3">|</span><span class="s0">Any CPU</span>
	<span class="s2">EndGlobalSection</span>
<span class="s2">EndGlobal</span>
</pre>
</body>
</html>